// !$*UTF8*$!
{
	archiveVersion = 1;
	classes = {
	};
	objectVersion = 50;
	objects = {

/* Begin PBXBuildFile section */
		DD39CCAC23B2D017001BFE2A /* AppDelegate.swift in Sources */ = {isa = PBXBuildFile; fileRef = DD39CCAB23B2D017001BFE2A /* AppDelegate.swift */; };
		DD39CCAE23B2D017001BFE2A /* SceneDelegate.swift in Sources */ = {isa = PBXBuildFile; fileRef = DD39CCAD23B2D017001BFE2A /* SceneDelegate.swift */; };
		DD39CCB023B2D017001BFE2A /* StarsViewController.swift in Sources */ = {isa = PBXBuildFile; fileRef = DD39CCAF23B2D017001BFE2A /* StarsViewController.swift */; };
		DD39CCB323B2D017001BFE2A /* Main.storyboard in Resources */ = {isa = PBXBuildFile; fileRef = DD39CCB123B2D017001BFE2A /* Main.storyboard */; };
		DD39CCB523B2D018001BFE2A /* Assets.xcassets in Resources */ = {isa = PBXBuildFile; fileRef = DD39CCB423B2D018001BFE2A /* Assets.xcassets */; };
		DD39CCB823B2D018001BFE2A /* LaunchScreen.storyboard in Resources */ = {isa = PBXBuildFile; fileRef = DD39CCB623B2D018001BFE2A /* LaunchScreen.storyboard */; };
		DDB0252C23B2D152006BE4DA /* Default-568h@2x.png in Resources */ = {isa = PBXBuildFile; fileRef = DDB0252B23B2D152006BE4DA /* Default-568h@2x.png */; };
		DDB0252E23B2D91B006BE4DA /* StarTableViewCell.swift in Sources */ = {isa = PBXBuildFile; fileRef = DDB0252D23B2D91B006BE4DA /* StarTableViewCell.swift */; };
/* End PBXBuildFile section */

/* Begin PBXFileReference section */
		DD39CCA823B2D017001BFE2A /* Stars.app */ = {isa = PBXFileReference; explicitFileType = wrapper.application; includeInIndex = 0; path = Stars.app; sourceTree = BUILT_PRODUCTS_DIR; };
		DD39CCAB23B2D017001BFE2A /* AppDelegate.swift */ = {isa = PBXFileReference; lastKnownFileType = sourcecode.swift; path = AppDelegate.swift; sourceTree = "<group>"; };
		DD39CCAD23B2D017001BFE2A /* SceneDelegate.swift */ = {isa = PBXFileReference; lastKnownFileType = sourcecode.swift; path = SceneDelegate.swift; sourceTree = "<group>"; };
		DD39CCAF23B2D017001BFE2A /* StarsViewController.swift */ = {isa = PBXFileReference; lastKnownFileType = sourcecode.swift; path = StarsViewController.swift; sourceTree = "<group>"; };
		DD39CCB223B2D017001BFE2A /* Base */ = {isa = PBXFileReference; lastKnownFileType = file.storyboard; name = Base; path = Base.lproj/Main.storyboard; sourceTree = "<group>"; };
		DD39CCB423B2D018001BFE2A /* Assets.xcassets */ = {isa = PBXFileReference; lastKnownFileType = folder.assetcatalog; path = Assets.xcassets; sourceTree = "<group>"; };
		DD39CCB723B2D018001BFE2A /* Base */ = {isa = PBXFileReference; lastKnownFileType = file.storyboard; name = Base; path = Base.lproj/LaunchScreen.storyboard; sourceTree = "<group>"; };
		DD39CCB923B2D018001BFE2A /* Info.plist */ = {isa = PBXFileReference; lastKnownFileType = text.plist.xml; path = Info.plist; sourceTree = "<group>"; };
		DDB0252B23B2D152006BE4DA /* Default-568h@2x.png */ = {isa = PBXFileReference; lastKnownFileType = image.png; path = "Default-568h@2x.png"; sourceTree = "<group>"; };
		DDB0252D23B2D91B006BE4DA /* StarTableViewCell.swift */ = {isa = PBXFileReference; lastKnownFileType = sourcecode.swift; path = StarTableViewCell.swift; sourceTree = "<group>"; };
/* End PBXFileReference section */

/* Begin PBXFrameworksBuildPhase section */
		DD39CCA523B2D017001BFE2A /* Frameworks */ = {
			isa = PBXFrameworksBuildPhase;
			buildActionMask = 2147483647;
			files = (
			);
			runOnlyForDeploymentPostprocessing = 0;
		};
/* End PBXFrameworksBuildPhase section */

/* Begin PBXGroup section */
		DD39CC9F23B2D017001BFE2A = {
			isa = PBXGroup;
			children = (
				DDB0252B23B2D152006BE4DA /* Default-568h@2x.png */,
				DD39CCAA23B2D017001BFE2A /* Stars */,
				DD39CCA923B2D017001BFE2A /* Products */,
			);
			sourceTree = "<group>";
		};
		DD39CCA923B2D017001BFE2A /* Products */ = {
			isa = PBXGroup;
			children = (
				DD39CCA823B2D017001BFE2A /* Stars.app */,
			);
			name = Products;
			sourceTree = "<group>";
		};
		DD39CCAA23B2D017001BFE2A /* Stars */ = {
			isa = PBXGroup;
			children = (
				DD39CCBF23B2D0F9001BFE2A /* Resources */,
				DD39CCAF23B2D017001BFE2A /* StarsViewController.swift */,
				DD39CCC023B2D120001BFE2A /* Storyboards */,
				DDB0252D23B2D91B006BE4DA /* StarTableViewCell.swift */,
			);
			path = Stars;
			sourceTree = "<group>";
		};
		DD39CCBF23B2D0F9001BFE2A /* Resources */ = {
			isa = PBXGroup;
			children = (
				DD39CCB423B2D018001BFE2A /* Assets.xcassets */,
				DD39CCAB23B2D017001BFE2A /* AppDelegate.swift */,
				DD39CCAD23B2D017001BFE2A /* SceneDelegate.swift */,
				DD39CCB923B2D018001BFE2A /* Info.plist */,
			);
			path = Resources;
			sourceTree = "<group>";
		};
		DD39CCC023B2D120001BFE2A /* Storyboards */ = {
			isa = PBXGroup;
			children = (
				DD39CCB123B2D017001BFE2A /* Main.storyboard */,
				DD39CCB623B2D018001BFE2A /* LaunchScreen.storyboard */,
			);
			path = Storyboards;
			sourceTree = "<group>";
		};
/* End PBXGroup section */

/* Begin PBXNativeTarget section */
		DD39CCA723B2D017001BFE2A /* Stars */ = {
			isa = PBXNativeTarget;
			buildConfigurationList = DD39CCBC23B2D018001BFE2A /* Build configuration list for PBXNativeTarget "Stars" */;
			buildPhases = (
				DD39CCA423B2D017001BFE2A /* Sources */,
				DD39CCA523B2D017001BFE2A /* Frameworks */,
				DD39CCA623B2D017001BFE2A /* Resources */,
			);
			buildRules = (
			);
			dependencies = (
			);
			name = Stars;
			productName = Stars;
			productReference = DD39CCA823B2D017001BFE2A /* Stars.app */;
			productType = "com.apple.product-type.application";
		};
/* End PBXNativeTarget section */

/* Begin PBXProject section */
		DD39CCA023B2D017001BFE2A /* Project object */ = {
			isa = PBXProject;
			attributes = {
				LastSwiftUpdateCheck = 1130;
				LastUpgradeCheck = 1130;
				ORGANIZATIONNAME = "Lamdba School";
				TargetAttributes = {
					DD39CCA723B2D017001BFE2A = {
						CreatedOnToolsVersion = 11.3;
					};
				};
			};
			buildConfigurationList = DD39CCA323B2D017001BFE2A /* Build configuration list for PBXProject "Stars" */;
			compatibilityVersion = "Xcode 9.3";
			developmentRegion = en;
			hasScannedForEncodings = 0;
			knownRegions = (
				en,
				Base,
			);
			mainGroup = DD39CC9F23B2D017001BFE2A;
			productRefGroup = DD39CCA923B2D017001BFE2A /* Products */;
			projectDirPath = "";
			projectRoot = "";
			targets = (
				DD39CCA723B2D017001BFE2A /* Stars */,
			);
		};
/* End PBXProject section */

/* Begin PBXResourcesBuildPhase section */
		DD39CCA623B2D017001BFE2A /* Resources */ = {
			isa = PBXResourcesBuildPhase;
			buildActionMask = 2147483647;
			files = (
				DD39CCB823B2D018001BFE2A /* LaunchScreen.storyboard in Resources */,
				DDB0252C23B2D152006BE4DA /* Default-568h@2x.png in Resources */,
				DD39CCB523B2D018001BFE2A /* Assets.xcassets in Resources */,
				DD39CCB323B2D017001BFE2A /* Main.storyboard in Resources */,
			);
			runOnlyForDeploymentPostprocessing = 0;
		};
/* End PBXResourcesBuildPhase section */

/* Begin PBXSourcesBuildPhase section */
		DD39CCA423B2D017001BFE2A /* Sources */ = {
			isa = PBXSourcesBuildPhase;
			buildActionMask = 2147483647;
			files = (
				DD39CCB023B2D017001BFE2A /* StarsViewController.swift in Sources */,
				DD39CCAC23B2D017001BFE2A /* AppDelegate.swift in Sources */,
				DD39CCAE23B2D017001BFE2A /* SceneDelegate.swift in Sources */,
				DDB0252E23B2D91B006BE4DA /* StarTableViewCell.swift in Sources */,
			);
			runOnlyForDeploymentPostprocessing = 0;
		};
/* End PBXSourcesBuildPhase section */

/* Begin PBXVariantGroup section */
		DD39CCB123B2D017001BFE2A /* Main.storyboard */ = {
			isa = PBXVariantGroup;
			children = (
				DD39CCB223B2D017001BFE2A /* Base */,
			);
			name = Main.storyboard;
			sourceTree = "<group>";
		};
		DD39CCB623B2D018001BFE2A /* LaunchScreen.storyboard */ = {
			isa = PBXVariantGroup;
			children = (
				DD39CCB723B2D018001BFE2A /* Base */,
			);
			name = LaunchScreen.storyboard;
			sourceTree = "<group>";
		};
/* End PBXVariantGroup section */

/* Begin XCBuildConfiguration section */
		DD39CCBA23B2D018001BFE2A /* Debug */ = {
			isa = XCBuildConfiguration;
			buildSettings = {
				ALWAYS_SEARCH_USER_PATHS = NO;
				CLANG_ANALYZER_NONNULL = YES;
				CLANG_ANALYZER_NUMBER_OBJECT_CONVERSION = YES_AGGRESSIVE;
				CLANG_CXX_LANGUAGE_STANDARD = "gnu++14";
				CLANG_CXX_LIBRARY = "libc++";
				CLANG_ENABLE_MODULES = YES;
				CLANG_ENABLE_OBJC_ARC = YES;
				CLANG_ENABLE_OBJC_WEAK = YES;
				CLANG_WARN_BLOCK_CAPTURE_AUTORELEASING = YES;
				CLANG_WARN_BOOL_CONVERSION = YES;
				CLANG_WARN_COMMA = YES;
				CLANG_WARN_CONSTANT_CONVERSION = YES;
				CLANG_WARN_DEPRECATED_OBJC_IMPLEMENTATIONS = YES;
				CLANG_WARN_DIRECT_OBJC_ISA_USAGE = YES_ERROR;
				CLANG_WARN_DOCUMENTATION_COMMENTS = YES;
				CLANG_WARN_EMPTY_BODY = YES;
				CLANG_WARN_ENUM_CONVERSION = YES;
				CLANG_WARN_INFINITE_RECURSION = YES;
				CLANG_WARN_INT_CONVERSION = YES;
				CLANG_WARN_NON_LITERAL_NULL_CONVERSION = YES;
				CLANG_WARN_OBJC_IMPLICIT_RETAIN_SELF = YES;
				CLANG_WARN_OBJC_LITERAL_CONVERSION = YES;
				CLANG_WARN_OBJC_ROOT_CLASS = YES_ERROR;
				CLANG_WARN_RANGE_LOOP_ANALYSIS = YES;
				CLANG_WARN_STRICT_PROTOTYPES = YES;
				CLANG_WARN_SUSPICIOUS_MOVE = YES;
				CLANG_WARN_UNGUARDED_AVAILABILITY = YES_AGGRESSIVE;
				CLANG_WARN_UNREACHABLE_CODE = YES;
				CLANG_WARN__DUPLICATE_METHOD_MATCH = YES;
				COPY_PHASE_STRIP = NO;
				DEBUG_INFORMATION_FORMAT = dwarf;
				ENABLE_STRICT_OBJC_MSGSEND = YES;
				ENABLE_TESTABILITY = YES;
				GCC_C_LANGUAGE_STANDARD = gnu11;
				GCC_DYNAMIC_NO_PIC = NO;
				GCC_NO_COMMON_BLOCKS = YES;
				GCC_OPTIMIZATION_LEVEL = 0;
				GCC_PREPROCESSOR_DEFINITIONS = (
					"DEBUG=1",
					"$(inherited)",
				);
				GCC_WARN_64_TO_32_BIT_CONVERSION = YES;
				GCC_WARN_ABOUT_RETURN_TYPE = YES_ERROR;
				GCC_WARN_UNDECLARED_SELECTOR = YES;
				GCC_WARN_UNINITIALIZED_AUTOS = YES_AGGRESSIVE;
				GCC_WARN_UNUSED_FUNCTION = YES;
				GCC_WARN_UNUSED_VARIABLE = YES;
				IPHONEOS_DEPLOYMENT_TARGET = 13.2;
				MTL_ENABLE_DEBUG_INFO = INCLUDE_SOURCE;
				MTL_FAST_MATH = YES;
				ONLY_ACTIVE_ARCH = YES;
				SDKROOT = iphoneos;
				SWIFT_ACTIVE_COMPILATION_CONDITIONS = DEBUG;
				SWIFT_OPTIMIZATION_LEVEL = "-Onone";
			};
			name = Debug;
		};
		DD39CCBB23B2D018001BFE2A /* Release */ = {
			isa = XCBuildConfiguration;
			buildSettings = {
				ALWAYS_SEARCH_USER_PATHS = NO;
				CLANG_ANALYZER_NONNULL = YES;
				CLANG_ANALYZER_NUMBER_OBJECT_CONVERSION = YES_AGGRESSIVE;
				CLANG_CXX_LANGUAGE_STANDARD = "gnu++14";
				CLANG_CXX_LIBRARY = "libc++";
				CLANG_ENABLE_MODULES = YES;
				CLANG_ENABLE_OBJC_ARC = YES;
				CLANG_ENABLE_OBJC_WEAK = YES;
				CLANG_WARN_BLOCK_CAPTURE_AUTORELEASING = YES;
				CLANG_WARN_BOOL_CONVERSION = YES;
				CLANG_WARN_COMMA = YES;
				CLANG_WARN_CONSTANT_CONVERSION = YES;
				CLANG_WARN_DEPRECATED_OBJC_IMPLEMENTATIONS = YES;
				CLANG_WARN_DIRECT_OBJC_ISA_USAGE = YES_ERROR;
				CLANG_WARN_DOCUMENTATION_COMMENTS = YES;
				CLANG_WARN_EMPTY_BODY = YES;
				CLANG_WARN_ENUM_CONVERSION = YES;
				CLANG_WARN_INFINITE_RECURSION = YES;
				CLANG_WARN_INT_CONVERSION = YES;
				CLANG_WARN_NON_LITERAL_NULL_CONVERSION = YES;
				CLANG_WARN_OBJC_IMPLICIT_RETAIN_SELF = YES;
				CLANG_WARN_OBJC_LITERAL_CONVERSION = YES;
				CLANG_WARN_OBJC_ROOT_CLASS = YES_ERROR;
				CLANG_WARN_RANGE_LOOP_ANALYSIS = YES;
				CLANG_WARN_STRICT_PROTOTYPES = YES;
				CLANG_WARN_SUSPICIOUS_MOVE = YES;
				CLANG_WARN_UNGUARDED_AVAILABILITY = YES_AGGRESSIVE;
				CLANG_WARN_UNREACHABLE_CODE = YES;
				CLANG_WARN__DUPLICATE_METHOD_MATCH = YES;
				COPY_PHASE_STRIP = NO;
				DEBUG_INFORMATION_FORMAT = "dwarf-with-dsym";
				ENABLE_NS_ASSERTIONS = NO;
				ENABLE_STRICT_OBJC_MSGSEND = YES;
				GCC_C_LANGUAGE_STANDARD = gnu11;
				GCC_NO_COMMON_BLOCKS = YES;
				GCC_WARN_64_TO_32_BIT_CONVERSION = YES;
				GCC_WARN_ABOUT_RETURN_TYPE = YES_ERROR;
				GCC_WARN_UNDECLARED_SELECTOR = YES;
				GCC_WARN_UNINITIALIZED_AUTOS = YES_AGGRESSIVE;
				GCC_WARN_UNUSED_FUNCTION = YES;
				GCC_WARN_UNUSED_VARIABLE = YES;
				IPHONEOS_DEPLOYMENT_TARGET = 13.2;
				MTL_ENABLE_DEBUG_INFO = NO;
				MTL_FAST_MATH = YES;
				SDKROOT = iphoneos;
				SWIFT_COMPILATION_MODE = wholemodule;
				SWIFT_OPTIMIZATION_LEVEL = "-O";
				VALIDATE_PRODUCT = YES;
			};
			name = Release;
		};
		DD39CCBD23B2D018001BFE2A /* Debug */ = {
			isa = XCBuildConfiguration;
			buildSettings = {
				ASSETCATALOG_COMPILER_APPICON_NAME = AppIcon;
				CODE_SIGN_STYLE = Automatic;
				DEVELOPMENT_TEAM = T87Y8KB3R4;
				INFOPLIST_FILE = "$(SRCROOT)/Stars/Resources/Info.plist";
				LD_RUNPATH_SEARCH_PATHS = (
					"$(inherited)",
					"@executable_path/Frameworks",
				);
				PRODUCT_BUNDLE_IDENTIFIER = com.percyNgan.Stars;
				PRODUCT_NAME = "$(TARGET_NAME)";
				SWIFT_VERSION = 5.0;
				TARGETED_DEVICE_FAMILY = "1,2";
			};
			name = Debug;
		};
		DD39CCBE23B2D018001BFE2A /* Release */ = {
			isa = XCBuildConfiguration;
			buildSettings = {
				ASSETCATALOG_COMPILER_APPICON_NAME = AppIcon;
				CODE_SIGN_STYLE = Automatic;
				DEVELOPMENT_TEAM = T87Y8KB3R4;
				INFOPLIST_FILE = "$(SRCROOT)/Stars/Resources/Info.plist";
				LD_RUNPATH_SEARCH_PATHS = (
					"$(inherited)",
					"@executable_path/Frameworks",
				);
				PRODUCT_BUNDLE_IDENTIFIER = com.percyNgan.Stars;
				PRODUCT_NAME = "$(TARGET_NAME)";
				SWIFT_VERSION = 5.0;
				TARGETED_DEVICE_FAMILY = "1,2";
			};
			name = Release;
		};
/* End XCBuildConfiguration section */

/* Begin XCConfigurationList section */
		DD39CCA323B2D017001BFE2A /* Build configuration list for PBXProject "Stars" */ = {
			isa = XCConfigurationList;
			buildConfigurations = (
				DD39CCBA23B2D018001BFE2A /* Debug */,
				DD39CCBB23B2D018001BFE2A /* Release */,
			);
			defaultConfigurationIsVisible = 0;
			defaultConfigurationName = Release;
		};
		DD39CCBC23B2D018001BFE2A /* Build configuration list for PBXNativeTarget "Stars" */ = {
			isa = XCConfigurationList;
			buildConfigurations = (
				DD39CCBD23B2D018001BFE2A /* Debug */,
				DD39CCBE23B2D018001BFE2A /* Release */,
			);
			defaultConfigurationIsVisible = 0;
			defaultConfigurationName = Release;
		};
/* End XCConfigurationList section */
	};
	rootObject = DD39CCA023B2D017001BFE2A /* Project object */;
}
